// !$*UTF8*$!
{
	archiveVersion = 1;
	classes = {
	};
	objectVersion = 55;
	objects = {

/* Begin PBXBuildFile section */
		C184B157286441AA009D1E46 /* AppDelegate.swift in Sources */ = {isa = PBXBuildFile; fileRef = C184B156286441AA009D1E46 /* AppDelegate.swift */; };
		C184B159286441AA009D1E46 /* SceneDelegate.swift in Sources */ = {isa = PBXBuildFile; fileRef = C184B158286441AA009D1E46 /* SceneDelegate.swift */; };
		C184B15B286441AA009D1E46 /* MainViewController.swift in Sources */ = {isa = PBXBuildFile; fileRef = C184B15A286441AA009D1E46 /* MainViewController.swift */; };
		C184B160286441AC009D1E46 /* Assets.xcassets in Resources */ = {isa = PBXBuildFile; fileRef = C184B15F286441AC009D1E46 /* Assets.xcassets */; };
		C184B163286441AC009D1E46 /* LaunchScreen.storyboard in Resources */ = {isa = PBXBuildFile; fileRef = C184B161286441AC009D1E46 /* LaunchScreen.storyboard */; };
		C184B16C286442B2009D1E46 /* MainTabBarController.swift in Sources */ = {isa = PBXBuildFile; fileRef = C184B16B286442B2009D1E46 /* MainTabBarController.swift */; };
		C184B16E286442FC009D1E46 /* MainNavigationController.swift in Sources */ = {isa = PBXBuildFile; fileRef = C184B16D286442FC009D1E46 /* MainNavigationController.swift */; };
		C184B17028644315009D1E46 /* DetailViewController.swift in Sources */ = {isa = PBXBuildFile; fileRef = C184B16F28644315009D1E46 /* DetailViewController.swift */; };
		C184B1722864432B009D1E46 /* SecondaryViewController.swift in Sources */ = {isa = PBXBuildFile; fileRef = C184B1712864432B009D1E46 /* SecondaryViewController.swift */; };
		C184B17528644497009D1E46 /* Locations.swift in Sources */ = {isa = PBXBuildFile; fileRef = C184B17428644497009D1E46 /* Locations.swift */; };
		C184B1A628647574009D1E46 /* LocationsDataService.swift in Sources */ = {isa = PBXBuildFile; fileRef = C184B1A528647574009D1E46 /* LocationsDataService.swift */; };
		C184B1A828647A63009D1E46 /* Popup.swift in Sources */ = {isa = PBXBuildFile; fileRef = C184B1A728647A62009D1E46 /* Popup.swift */; };
/* End PBXBuildFile section */

/* Begin PBXFileReference section */
		C184B153286441AA009D1E46 /* FoodMapApp.app */ = {isa = PBXFileReference; explicitFileType = wrapper.application; includeInIndex = 0; path = FoodMapApp.app; sourceTree = BUILT_PRODUCTS_DIR; };
		C184B156286441AA009D1E46 /* AppDelegate.swift */ = {isa = PBXFileReference; lastKnownFileType = sourcecode.swift; path = AppDelegate.swift; sourceTree = "<group>"; };
		C184B158286441AA009D1E46 /* SceneDelegate.swift */ = {isa = PBXFileReference; lastKnownFileType = sourcecode.swift; path = SceneDelegate.swift; sourceTree = "<group>"; };
		C184B15A286441AA009D1E46 /* MainViewController.swift */ = {isa = PBXFileReference; lastKnownFileType = sourcecode.swift; path = MainViewController.swift; sourceTree = "<group>"; };
		C184B15F286441AC009D1E46 /* Assets.xcassets */ = {isa = PBXFileReference; lastKnownFileType = folder.assetcatalog; path = Assets.xcassets; sourceTree = "<group>"; };
		C184B162286441AC009D1E46 /* Base */ = {isa = PBXFileReference; lastKnownFileType = file.storyboard; name = Base; path = Base.lproj/LaunchScreen.storyboard; sourceTree = "<group>"; };
		C184B164286441AC009D1E46 /* Info.plist */ = {isa = PBXFileReference; lastKnownFileType = text.plist.xml; path = Info.plist; sourceTree = "<group>"; };
		C184B16B286442B2009D1E46 /* MainTabBarController.swift */ = {isa = PBXFileReference; lastKnownFileType = sourcecode.swift; path = MainTabBarController.swift; sourceTree = "<group>"; };
		C184B16D286442FC009D1E46 /* MainNavigationController.swift */ = {isa = PBXFileReference; lastKnownFileType = sourcecode.swift; path = MainNavigationController.swift; sourceTree = "<group>"; };
		C184B16F28644315009D1E46 /* DetailViewController.swift */ = {isa = PBXFileReference; lastKnownFileType = sourcecode.swift; path = DetailViewController.swift; sourceTree = "<group>"; };
		C184B1712864432B009D1E46 /* SecondaryViewController.swift */ = {isa = PBXFileReference; lastKnownFileType = sourcecode.swift; path = SecondaryViewController.swift; sourceTree = "<group>"; };
		C184B17428644497009D1E46 /* Locations.swift */ = {isa = PBXFileReference; lastKnownFileType = sourcecode.swift; path = Locations.swift; sourceTree = "<group>"; };
		C184B1A528647574009D1E46 /* LocationsDataService.swift */ = {isa = PBXFileReference; lastKnownFileType = sourcecode.swift; path = LocationsDataService.swift; sourceTree = "<group>"; };
		C184B1A728647A62009D1E46 /* Popup.swift */ = {isa = PBXFileReference; lastKnownFileType = sourcecode.swift; path = Popup.swift; sourceTree = "<group>"; };
/* End PBXFileReference section */

/* Begin PBXFrameworksBuildPhase section */
		C184B150286441AA009D1E46 /* Frameworks */ = {
			isa = PBXFrameworksBuildPhase;
			buildActionMask = 2147483647;
			files = (
			);
			runOnlyForDeploymentPostprocessing = 0;
		};
/* End PBXFrameworksBuildPhase section */

/* Begin PBXGroup section */
		C184B14A286441AA009D1E46 = {
			isa = PBXGroup;
			children = (
				C184B155286441AA009D1E46 /* FoodMapApp */,
				C184B154286441AA009D1E46 /* Products */,
			);
			sourceTree = "<group>";
		};
		C184B154286441AA009D1E46 /* Products */ = {
			isa = PBXGroup;
			children = (
				C184B153286441AA009D1E46 /* FoodMapApp.app */,
			);
			name = Products;
			sourceTree = "<group>";
		};
		C184B155286441AA009D1E46 /* FoodMapApp */ = {
			isa = PBXGroup;
			children = (
				C184B156286441AA009D1E46 /* AppDelegate.swift */,
				C184B158286441AA009D1E46 /* SceneDelegate.swift */,
				C184B16A286441EE009D1E46 /* Views */,
				C184B17328644483009D1E46 /* Models */,
				C184B1A428647545009D1E46 /* LocationsDataService */,
				C184B161286441AC009D1E46 /* LaunchScreen.storyboard */,
				C184B15F286441AC009D1E46 /* Assets.xcassets */,
				C184B164286441AC009D1E46 /* Info.plist */,
			);
			path = FoodMapApp;
			sourceTree = "<group>";
		};
		C184B16A286441EE009D1E46 /* Views */ = {
			isa = PBXGroup;
			children = (
				C184B15A286441AA009D1E46 /* MainViewController.swift */,
				C184B16B286442B2009D1E46 /* MainTabBarController.swift */,
				C184B16D286442FC009D1E46 /* MainNavigationController.swift */,
				C184B16F28644315009D1E46 /* DetailViewController.swift */,
				C184B1712864432B009D1E46 /* SecondaryViewController.swift */,
				C184B1A728647A62009D1E46 /* Popup.swift */,
			);
			path = Views;
			sourceTree = "<group>";
		};
		C184B17328644483009D1E46 /* Models */ = {
			isa = PBXGroup;
			children = (
				C184B17428644497009D1E46 /* Locations.swift */,
			);
			path = Models;
			sourceTree = "<group>";
		};
		C184B1A428647545009D1E46 /* LocationsDataService */ = {
			isa = PBXGroup;
			children = (
				C184B1A528647574009D1E46 /* LocationsDataService.swift */,
			);
			path = LocationsDataService;
			sourceTree = "<group>";
		};
/* End PBXGroup section */

/* Begin PBXNativeTarget section */
		C184B152286441AA009D1E46 /* FoodMapApp */ = {
			isa = PBXNativeTarget;
			buildConfigurationList = C184B167286441AC009D1E46 /* Build configuration list for PBXNativeTarget "FoodMapApp" */;
			buildPhases = (
				C184B14F286441AA009D1E46 /* Sources */,
				C184B150286441AA009D1E46 /* Frameworks */,
				C184B151286441AA009D1E46 /* Resources */,
			);
			buildRules = (
			);
			dependencies = (
			);
			name = FoodMapApp;
			packageProductDependencies = (
			);
			productName = FoodMapApp;
			productReference = C184B153286441AA009D1E46 /* FoodMapApp.app */;
			productType = "com.apple.product-type.application";
		};
/* End PBXNativeTarget section */

/* Begin PBXProject section */
		C184B14B286441AA009D1E46 /* Project object */ = {
			isa = PBXProject;
			attributes = {
				BuildIndependentTargetsInParallel = 1;
				LastSwiftUpdateCheck = 1340;
				LastUpgradeCheck = 1340;
				TargetAttributes = {
					C184B152286441AA009D1E46 = {
						CreatedOnToolsVersion = 13.4.1;
					};
				};
			};
			buildConfigurationList = C184B14E286441AA009D1E46 /* Build configuration list for PBXProject "FoodMapApp" */;
			compatibilityVersion = "Xcode 13.0";
			developmentRegion = en;
			hasScannedForEncodings = 0;
			knownRegions = (
				en,
				Base,
			);
			mainGroup = C184B14A286441AA009D1E46;
			packageReferences = (
			);
			productRefGroup = C184B154286441AA009D1E46 /* Products */;
			projectDirPath = "";
			projectRoot = "";
			targets = (
				C184B152286441AA009D1E46 /* FoodMapApp */,
			);
		};
/* End PBXProject section */

/* Begin PBXResourcesBuildPhase section */
		C184B151286441AA009D1E46 /* Resources */ = {
			isa = PBXResourcesBuildPhase;
			buildActionMask = 2147483647;
			files = (
				C184B163286441AC009D1E46 /* LaunchScreen.storyboard in Resources */,
				C184B160286441AC009D1E46 /* Assets.xcassets in Resources */,
			);
			runOnlyForDeploymentPostprocessing = 0;
		};
/* End PBXResourcesBuildPhase section */

/* Begin PBXSourcesBuildPhase section */
		C184B14F286441AA009D1E46 /* Sources */ = {
			isa = PBXSourcesBuildPhase;
			buildActionMask = 2147483647;
			files = (
				C184B16E286442FC009D1E46 /* MainNavigationController.swift in Sources */,
				C184B15B286441AA009D1E46 /* MainViewController.swift in Sources */,
				C184B1A828647A63009D1E46 /* Popup.swift in Sources */,
				C184B157286441AA009D1E46 /* AppDelegate.swift in Sources */,
				C184B1A628647574009D1E46 /* LocationsDataService.swift in Sources */,
				C184B17028644315009D1E46 /* DetailViewController.swift in Sources */,
				C184B16C286442B2009D1E46 /* MainTabBarController.swift in Sources */,
				C184B1722864432B009D1E46 /* SecondaryViewController.swift in Sources */,
				C184B17528644497009D1E46 /* Locations.swift in Sources */,
				C184B159286441AA009D1E46 /* SceneDelegate.swift in Sources */,
			);
			runOnlyForDeploymentPostprocessing = 0;
		};
/* End PBXSourcesBuildPhase section */

/* Begin PBXVariantGroup section */
		C184B161286441AC009D1E46 /* LaunchScreen.storyboard */ = {
			isa = PBXVariantGroup;
			children = (
				C184B162286441AC009D1E46 /* Base */,
			);
			name = LaunchScreen.storyboard;
			sourceTree = "<group>";
		};
/* End PBXVariantGroup section */

/* Begin XCBuildConfiguration section */
		C184B165286441AC009D1E46 /* Debug */ = {
			isa = XCBuildConfiguration;
			buildSettings = {
				ALWAYS_SEARCH_USER_PATHS = NO;
				CLANG_ANALYZER_NONNULL = YES;
				CLANG_ANALYZER_NUMBER_OBJECT_CONVERSION = YES_AGGRESSIVE;
				CLANG_CXX_LANGUAGE_STANDARD = "gnu++17";
				CLANG_ENABLE_MODULES = YES;
				CLANG_ENABLE_OBJC_ARC = YES;
				CLANG_ENABLE_OBJC_WEAK = YES;
				CLANG_WARN_BLOCK_CAPTURE_AUTORELEASING = YES;
				CLANG_WARN_BOOL_CONVERSION = YES;
				CLANG_WARN_COMMA = YES;
				CLANG_WARN_CONSTANT_CONVERSION = YES;
				CLANG_WARN_DEPRECATED_OBJC_IMPLEMENTATIONS = YES;
				CLANG_WARN_DIRECT_OBJC_ISA_USAGE = YES_ERROR;
				CLANG_WARN_DOCUMENTATION_COMMENTS = YES;
				CLANG_WARN_EMPTY_BODY = YES;
				CLANG_WARN_ENUM_CONVERSION = YES;
				CLANG_WARN_INFINITE_RECURSION = YES;
				CLANG_WARN_INT_CONVERSION = YES;
				CLANG_WARN_NON_LITERAL_NULL_CONVERSION = YES;
				CLANG_WARN_OBJC_IMPLICIT_RETAIN_SELF = YES;
				CLANG_WARN_OBJC_LITERAL_CONVERSION = YES;
				CLANG_WARN_OBJC_ROOT_CLASS = YES_ERROR;
				CLANG_WARN_QUOTED_INCLUDE_IN_FRAMEWORK_HEADER = YES;
				CLANG_WARN_RANGE_LOOP_ANALYSIS = YES;
				CLANG_WARN_STRICT_PROTOTYPES = YES;
				CLANG_WARN_SUSPICIOUS_MOVE = YES;
				CLANG_WARN_UNGUARDED_AVAILABILITY = YES_AGGRESSIVE;
				CLANG_WARN_UNREACHABLE_CODE = YES;
				CLANG_WARN__DUPLICATE_METHOD_MATCH = YES;
				COPY_PHASE_STRIP = NO;
				DEBUG_INFORMATION_FORMAT = dwarf;
				ENABLE_STRICT_OBJC_MSGSEND = YES;
				ENABLE_TESTABILITY = YES;
				GCC_C_LANGUAGE_STANDARD = gnu11;
				GCC_DYNAMIC_NO_PIC = NO;
				GCC_NO_COMMON_BLOCKS = YES;
				GCC_OPTIMIZATION_LEVEL = 0;
				GCC_PREPROCESSOR_DEFINITIONS = (
					"DEBUG=1",
					"$(inherited)",
				);
				GCC_WARN_64_TO_32_BIT_CONVERSION = YES;
				GCC_WARN_ABOUT_RETURN_TYPE = YES_ERROR;
				GCC_WARN_UNDECLARED_SELECTOR = YES;
				GCC_WARN_UNINITIALIZED_AUTOS = YES_AGGRESSIVE;
				GCC_WARN_UNUSED_FUNCTION = YES;
				GCC_WARN_UNUSED_VARIABLE = YES;
				IPHONEOS_DEPLOYMENT_TARGET = 15.5;
				MTL_ENABLE_DEBUG_INFO = INCLUDE_SOURCE;
				MTL_FAST_MATH = YES;
				ONLY_ACTIVE_ARCH = YES;
				SDKROOT = iphoneos;
				SWIFT_ACTIVE_COMPILATION_CONDITIONS = DEBUG;
				SWIFT_OPTIMIZATION_LEVEL = "-Onone";
			};
			name = Debug;
		};
		C184B166286441AC009D1E46 /* Release */ = {
			isa = XCBuildConfiguration;
			buildSettings = {
				ALWAYS_SEARCH_USER_PATHS = NO;
				CLANG_ANALYZER_NONNULL = YES;
				CLANG_ANALYZER_NUMBER_OBJECT_CONVERSION = YES_AGGRESSIVE;
				CLANG_CXX_LANGUAGE_STANDARD = "gnu++17";
				CLANG_ENABLE_MODULES = YES;
				CLANG_ENABLE_OBJC_ARC = YES;
				CLANG_ENABLE_OBJC_WEAK = YES;
				CLANG_WARN_BLOCK_CAPTURE_AUTORELEASING = YES;
				CLANG_WARN_BOOL_CONVERSION = YES;
				CLANG_WARN_COMMA = YES;
				CLANG_WARN_CONSTANT_CONVERSION = YES;
				CLANG_WARN_DEPRECATED_OBJC_IMPLEMENTATIONS = YES;
				CLANG_WARN_DIRECT_OBJC_ISA_USAGE = YES_ERROR;
				CLANG_WARN_DOCUMENTATION_COMMENTS = YES;
				CLANG_WARN_EMPTY_BODY = YES;
				CLANG_WARN_ENUM_CONVERSION = YES;
				CLANG_WARN_INFINITE_RECURSION = YES;
				CLANG_WARN_INT_CONVERSION = YES;
				CLANG_WARN_NON_LITERAL_NULL_CONVERSION = YES;
				CLANG_WARN_OBJC_IMPLICIT_RETAIN_SELF = YES;
				CLANG_WARN_OBJC_LITERAL_CONVERSION = YES;
				CLANG_WARN_OBJC_ROOT_CLASS = YES_ERROR;
				CLANG_WARN_QUOTED_INCLUDE_IN_FRAMEWORK_HEADER = YES;
				CLANG_WARN_RANGE_LOOP_ANALYSIS = YES;
				CLANG_WARN_STRICT_PROTOTYPES = YES;
				CLANG_WARN_SUSPICIOUS_MOVE = YES;
				CLANG_WARN_UNGUARDED_AVAILABILITY = YES_AGGRESSIVE;
				CLANG_WARN_UNREACHABLE_CODE = YES;
				CLANG_WARN__DUPLICATE_METHOD_MATCH = YES;
				COPY_PHASE_STRIP = NO;
				DEBUG_INFORMATION_FORMAT = "dwarf-with-dsym";
				ENABLE_NS_ASSERTIONS = NO;
				ENABLE_STRICT_OBJC_MSGSEND = YES;
				GCC_C_LANGUAGE_STANDARD = gnu11;
				GCC_NO_COMMON_BLOCKS = YES;
				GCC_WARN_64_TO_32_BIT_CONVERSION = YES;
				GCC_WARN_ABOUT_RETURN_TYPE = YES_ERROR;
				GCC_WARN_UNDECLARED_SELECTOR = YES;
				GCC_WARN_UNINITIALIZED_AUTOS = YES_AGGRESSIVE;
				GCC_WARN_UNUSED_FUNCTION = YES;
				GCC_WARN_UNUSED_VARIABLE = YES;
				IPHONEOS_DEPLOYMENT_TARGET = 15.5;
				MTL_ENABLE_DEBUG_INFO = NO;
				MTL_FAST_MATH = YES;
				SDKROOT = iphoneos;
				SWIFT_COMPILATION_MODE = wholemodule;
				SWIFT_OPTIMIZATION_LEVEL = "-O";
				VALIDATE_PRODUCT = YES;
			};
			name = Release;
		};
		C184B168286441AC009D1E46 /* Debug */ = {
			isa = XCBuildConfiguration;
			buildSettings = {
				ASSETCATALOG_COMPILER_APPICON_NAME = AppIcon;
				ASSETCATALOG_COMPILER_GLOBAL_ACCENT_COLOR_NAME = AccentColor;
				CODE_SIGN_STYLE = Automatic;
				CURRENT_PROJECT_VERSION = 1;
				DEVELOPMENT_TEAM = 55X499LJ25;
				GENERATE_INFOPLIST_FILE = YES;
				INFOPLIST_FILE = FoodMapApp/Info.plist;
				INFOPLIST_KEY_UIApplicationSupportsIndirectInputEvents = YES;
				INFOPLIST_KEY_UILaunchStoryboardName = LaunchScreen;
				INFOPLIST_KEY_UISupportedInterfaceOrientations_iPad = "UIInterfaceOrientationPortrait UIInterfaceOrientationPortraitUpsideDown UIInterfaceOrientationLandscapeLeft UIInterfaceOrientationLandscapeRight";
				INFOPLIST_KEY_UISupportedInterfaceOrientations_iPhone = "UIInterfaceOrientationPortrait UIInterfaceOrientationLandscapeLeft UIInterfaceOrientationLandscapeRight";
				LD_RUNPATH_SEARCH_PATHS = (
					"$(inherited)",
					"@executable_path/Frameworks",
				);
				MARKETING_VERSION = 1.0;
				PRODUCT_BUNDLE_IDENTIFIER = com.marcusong.FoodMapApp;
				PRODUCT_NAME = "$(TARGET_NAME)";
				SWIFT_EMIT_LOC_STRINGS = YES;
				SWIFT_VERSION = 5.0;
				TARGETED_DEVICE_FAMILY = "1,2";
			};
			name = Debug;
		};
		C184B169286441AC009D1E46 /* Release */ = {
			isa = XCBuildConfiguration;
			buildSettings = {
				ASSETCATALOG_COMPILER_APPICON_NAME = AppIcon;
				ASSETCATALOG_COMPILER_GLOBAL_ACCENT_COLOR_NAME = AccentColor;
				CODE_SIGN_STYLE = Automatic;
				CURRENT_PROJECT_VERSION = 1;
				DEVELOPMENT_TEAM = 55X499LJ25;
				GENERATE_INFOPLIST_FILE = YES;
				INFOPLIST_FILE = FoodMapApp/Info.plist;
				INFOPLIST_KEY_UIApplicationSupportsIndirectInputEvents = YES;
				INFOPLIST_KEY_UILaunchStoryboardName = LaunchScreen;
				INFOPLIST_KEY_UISupportedInterfaceOrientations_iPad = "UIInterfaceOrientationPortrait UIInterfaceOrientationPortraitUpsideDown UIInterfaceOrientationLandscapeLeft UIInterfaceOrientationLandscapeRight";
				INFOPLIST_KEY_UISupportedInterfaceOrientations_iPhone = "UIInterfaceOrientationPortrait UIInterfaceOrientationLandscapeLeft UIInterfaceOrientationLandscapeRight";
				LD_RUNPATH_SEARCH_PATHS = (
					"$(inherited)",
					"@executable_path/Frameworks",
				);
				MARKETING_VERSION = 1.0;
				PRODUCT_BUNDLE_IDENTIFIER = com.marcusong.FoodMapApp;
				PRODUCT_NAME = "$(TARGET_NAME)";
				SWIFT_EMIT_LOC_STRINGS = YES;
				SWIFT_VERSION = 5.0;
				TARGETED_DEVICE_FAMILY = "1,2";
			};
			name = Release;
		};
/* End XCBuildConfiguration section */

/* Begin XCConfigurationList section */
		C184B14E286441AA009D1E46 /* Build configuration list for PBXProject "FoodMapApp" */ = {
			isa = XCConfigurationList;
			buildConfigurations = (
				C184B165286441AC009D1E46 /* Debug */,
				C184B166286441AC009D1E46 /* Release */,
			);
			defaultConfigurationIsVisible = 0;
			defaultConfigurationName = Release;
		};
		C184B167286441AC009D1E46 /* Build configuration list for PBXNativeTarget "FoodMapApp" */ = {
			isa = XCConfigurationList;
			buildConfigurations = (
				C184B168286441AC009D1E46 /* Debug */,
				C184B169286441AC009D1E46 /* Release */,
			);
			defaultConfigurationIsVisible = 0;
			defaultConfigurationName = Release;
		};
/* End XCConfigurationList section */
	};
	rootObject = C184B14B286441AA009D1E46 /* Project object */;
}
